
Microsoft Visual Studio Solution File, Format Version 12.00
# Visual Studio 15
VisualStudioVersion = 15.0.27703.2000
MinimumVisualStudioVersion = 10.0.40219.1
Project("{9A19103F-16F7-4668-BE54-9A1E7A4F7556}") = "SkyMallCoreWeb", "SkyMallCoreWeb\SkyMallCoreWeb.csproj", "{C4CE57C3-C80A-4501-B024-8841597F46E4}"
EndProject
Project("{9A19103F-16F7-4668-BE54-9A1E7A4F7556}") = "SkyMallCore.Data", "SkyMallCore.Data\SkyMallCore.Data.csproj", "{DD1C6FBF-C372-43D2-90A8-63D1335C48AF}"
EndProject
Project("{9A19103F-16F7-4668-BE54-9A1E7A4F7556}") = "SkyMallCore.Core", "SkyMallCore.Core\SkyMallCore.Core.csproj", "{100D1ED0-0411-4892-B549-A734884495FD}"
EndProject
Project("{9A19103F-16F7-4668-BE54-9A1E7A4F7556}") = "SkyMallCore.Respository", "SkyMallCore.Respository\SkyMallCore.Respository.csproj", "{26E83422-61AC-497C-9304-7E19ADAB55E8}"
EndProject
Project("{9A19103F-16F7-4668-BE54-9A1E7A4F7556}") = "SkyMallCore.Models", "SkyMallCore.Models\SkyMallCore.Models.csproj", "{7513E9CB-1C18-4AF2-BF7F-2C60731C05C5}"
EndProject
Project("{9A19103F-16F7-4668-BE54-9A1E7A4F7556}") = "SkyMallCore.Services", "SkyMallCore.Services\SkyMallCore.Services.csproj", "{593556FC-4038-4579-B6D5-DDF777FF0CB1}"
EndProject
Project("{9A19103F-16F7-4668-BE54-9A1E7A4F7556}") = "SkyMallCore.ViewModel", "SkyMallCore.ViewModel\SkyMallCore.ViewModel.csproj", "{C20E9EDB-2A07-4173-B5AB-924EF0644996}"
EndProject
Project("{2150E333-8FDC-42A3-9474-1A3956D46DE8}") = "Solution Items", "Solution Items", "{6A405C97-5B6C-4F6C-BD1C-9B5192A92DCA}"
	ProjectSection(SolutionItems) = preProject
		ReadMe.txt = ReadMe.txt
	EndProjectSection
EndProject
Project("{E53339B2-1760-4266-BCC7-CA923CBCF16C}") = "docker-compose", "docker-compose.dcproj", "{4F72139B-8CD5-4A93-B4F1-04E09F64BB7A}"
EndProject
Global
	GlobalSection(SubversionScc) = preSolution
		Svn-Managed = True
		Manager = AnkhSVN - Subversion Support for Visual Studio
	EndGlobalSection
	GlobalSection(SolutionConfigurationPlatforms) = preSolution
		Debug|Any CPU = Debug|Any CPU
		Release|Any CPU = Release|Any CPU
	EndGlobalSection
	GlobalSection(ProjectConfigurationPlatforms) = postSolution
		{C4CE57C3-C80A-4501-B024-8841597F46E4}.Debug|Any CPU.ActiveCfg = Debug|Any CPU
		{C4CE57C3-C80A-4501-B024-8841597F46E4}.Debug|Any CPU.Build.0 = Debug|Any CPU
		{C4CE57C3-C80A-4501-B024-8841597F46E4}.Release|Any CPU.ActiveCfg = Release|Any CPU
		{C4CE57C3-C80A-4501-B024-8841597F46E4}.Release|Any CPU.Build.0 = Release|Any CPU
		{DD1C6FBF-C372-43D2-90A8-63D1335C48AF}.Debug|Any CPU.ActiveCfg = Debug|Any CPU
		{DD1C6FBF-C372-43D2-90A8-63D1335C48AF}.Debug|Any CPU.Build.0 = Debug|Any CPU
		{DD1C6FBF-C372-43D2-90A8-63D1335C48AF}.Release|Any CPU.ActiveCfg = Release|Any CPU
		{DD1C6FBF-C372-43D2-90A8-63D1335C48AF}.Release|Any CPU.Build.0 = Release|Any CPU
		{100D1ED0-0411-4892-B549-A734884495FD}.Debug|Any CPU.ActiveCfg = Debug|Any CPU
		{100D1ED0-0411-4892-B549-A734884495FD}.Debug|Any CPU.Build.0 = Debug|Any CPU
		{100D1ED0-0411-4892-B549-A734884495FD}.Release|Any CPU.ActiveCfg = Release|Any CPU
		{100D1ED0-0411-4892-B549-A734884495FD}.Release|Any CPU.Build.0 = Release|Any CPU
		{26E83422-61AC-497C-9304-7E19ADAB55E8}.Debug|Any CPU.ActiveCfg = Debug|Any CPU
		{26E83422-61AC-497C-9304-7E19ADAB55E8}.Debug|Any CPU.Build.0 = Debug|Any CPU
		{26E83422-61AC-497C-9304-7E19ADAB55E8}.Release|Any CPU.ActiveCfg = Release|Any CPU
		{26E83422-61AC-497C-9304-7E19ADAB55E8}.Release|Any CPU.Build.0 = Release|Any CPU
		{7513E9CB-1C18-4AF2-BF7F-2C60731C05C5}.Debug|Any CPU.ActiveCfg = Debug|Any CPU
		{7513E9CB-1C18-4AF2-BF7F-2C60731C05C5}.Debug|Any CPU.Build.0 = Debug|Any CPU
		{7513E9CB-1C18-4AF2-BF7F-2C60731C05C5}.Release|Any CPU.ActiveCfg = Release|Any CPU
		{7513E9CB-1C18-4AF2-BF7F-2C60731C05C5}.Release|Any CPU.Build.0 = Release|Any CPU
		{593556FC-4038-4579-B6D5-DDF777FF0CB1}.Debug|Any CPU.ActiveCfg = Debug|Any CPU
		{593556FC-4038-4579-B6D5-DDF777FF0CB1}.Debug|Any CPU.Build.0 = Debug|Any CPU
		{593556FC-4038-4579-B6D5-DDF777FF0CB1}.Release|Any CPU.ActiveCfg = Release|Any CPU
		{593556FC-4038-4579-B6D5-DDF777FF0CB1}.Release|Any CPU.Build.0 = Release|Any CPU
		{C20E9EDB-2A07-4173-B5AB-924EF0644996}.Debug|Any CPU.ActiveCfg = Debug|Any CPU
		{C20E9EDB-2A07-4173-B5AB-924EF0644996}.Debug|Any CPU.Build.0 = Debug|Any CPU
		{C20E9EDB-2A07-4173-B5AB-924EF0644996}.Release|Any CPU.ActiveCfg = Release|Any CPU
		{C20E9EDB-2A07-4173-B5AB-924EF0644996}.Release|Any CPU.Build.0 = Release|Any CPU
		{4F72139B-8CD5-4A93-B4F1-04E09F64BB7A}.Debug|Any CPU.ActiveCfg = Debug|Any CPU
		{4F72139B-8CD5-4A93-B4F1-04E09F64BB7A}.Debug|Any CPU.Build.0 = Debug|Any CPU
		{4F72139B-8CD5-4A93-B4F1-04E09F64BB7A}.Release|Any CPU.ActiveCfg = Release|Any CPU
		{4F72139B-8CD5-4A93-B4F1-04E09F64BB7A}.Release|Any CPU.Build.0 = Release|Any CPU
	EndGlobalSection
	GlobalSection(SolutionProperties) = preSolution
		HideSolutionNode = FALSE
	EndGlobalSection
	GlobalSection(ExtensibilityGlobals) = postSolution
		SolutionGuid = {E9F145BE-F9B1-48FA-83DC-FF11BBA191D4}
	EndGlobalSection
EndGlobal
